{
  "name": "gof-me",
  "version": "1.0.0",
  "lockfileVersion": 1,
  "requires": true,
  "dependencies": {
    "electron-positioner": {
      "version": "3.0.1",
      "resolved": "https://registry.npmjs.org/electron-positioner/-/electron-positioner-3.0.1.tgz",
      "integrity": "sha512-zQsnNzJB2PY6KEcGFXAoW6iIKtZ+3nbpVozKN7jhdRdRHMFpEpGufwcfrKhnEBBwrfHpyFQgU+p5jkteLIV+Jg=="
    },
    "extend": {
      "version": "2.0.2",
      "resolved": "https://registry.npmjs.org/extend/-/extend-2.0.2.tgz",
      "integrity": "sha512-AgFD4VU+lVLP6vjnlNfF7OeInLTyeyckCNPEsuxz1vi786UuK/nk6ynPuhn/h+Ju9++TQyr5EpLRI14fc1QtTQ=="
    },
    "menubar": {
      "version": "5.2.3",
      "resolved": "https://registry.npmjs.org/menubar/-/menubar-5.2.3.tgz",
      "integrity": "sha1-jydhWXtKDuh+3wSofYqrGqwsROk=",
      "requires": {
        "electron-positioner": "^3.0.0",
        "extend": "^2.0.0"
      }
    }
  }
}
